
Microsoft Visual Studio Solution File, Format Version 12.00
# Visual Studio Version 17
VisualStudioVersion = 17.6.33801.468
MinimumVisualStudioVersion = 10.0.40219.1
Project("{9A19103F-16F7-4668-BE54-9A1E7A4F7556}") = "Empresa.Ecommerce.Transversal.Common", "Empresa.Ecommerce.Transversal.Common\Empresa.Ecommerce.Transversal.Common.csproj", "{F10E9EA9-73BE-4C0F-AD8C-3EF23185A862}"
EndProject
Project("{2150E333-8FDC-42A3-9474-1A3956D46DE8}") = "Transversal", "Transversal", "{39CAA5F8-A646-4565-8BB1-D2D650B41ADB}"
EndProject
Project("{2150E333-8FDC-42A3-9474-1A3956D46DE8}") = "Infraestructura", "Infraestructura", "{78B1191E-818A-441E-BA68-22F5276CCAD1}"
EndProject
Project("{2150E333-8FDC-42A3-9474-1A3956D46DE8}") = "Dominio", "Dominio", "{968D40EB-AF2F-4820-A46F-7245EFDC5D40}"
EndProject
Project("{2150E333-8FDC-42A3-9474-1A3956D46DE8}") = "Aplicacion", "Aplicacion", "{D0B20E82-BCA2-4876-9814-F04598836C68}"
EndProject
Project("{2150E333-8FDC-42A3-9474-1A3956D46DE8}") = "Servicio", "Servicio", "{F93B430E-3473-4E55-B32D-C966533C3BC2}"
EndProject
Project("{9A19103F-16F7-4668-BE54-9A1E7A4F7556}") = "Empresa.Ecommerce.Domain.Entity", "Empresa.Ecommerce.Domain.Entity\Empresa.Ecommerce.Domain.Entity.csproj", "{98DB0D95-66EF-4EF8-9BF0-CC5359C226E6}"
EndProject
Project("{9A19103F-16F7-4668-BE54-9A1E7A4F7556}") = "Empresa.Ecommerce.Application.DTO", "Empresa.Ecommerce.Application.DTO\Empresa.Ecommerce.Application.DTO.csproj", "{1B1439F6-8BB9-46BF-9A5C-F5E7C20AAB87}"
EndProject
Project("{9A19103F-16F7-4668-BE54-9A1E7A4F7556}") = "Empresa.Ecommerce.Transversal.Maper", "Empresa.Ecommerce.Transversal.Maper\Empresa.Ecommerce.Transversal.Maper.csproj", "{F5AD5916-0EF4-4EC2-85E6-D696C869073B}"
EndProject
Project("{9A19103F-16F7-4668-BE54-9A1E7A4F7556}") = "Empresa.Ecommerce.Aplication.Interface", "Empresa.Ecommerce.Aplication.Interface\Empresa.Ecommerce.Aplication.Interface.csproj", "{663AB09B-B139-4F76-A931-40EB94B6F1D1}"
EndProject
Project("{9A19103F-16F7-4668-BE54-9A1E7A4F7556}") = "Empresa.Ecommerce.Application.UseCases", "Empresa.Ecommerce.Application.Main\Empresa.Ecommerce.Application.UseCases.csproj", "{68C5FC95-6B44-495D-A139-3E9682E790C7}"
EndProject
Project("{9A19103F-16F7-4668-BE54-9A1E7A4F7556}") = "Empresa.Ecommerce.Services.WebApi", "Empresa.Ecommerce.Services.WebApi\Empresa.Ecommerce.Services.WebApi.csproj", "{CA1DAD81-F7E5-46C2-8E8D-4E94167B3771}"
EndProject
Project("{9A19103F-16F7-4668-BE54-9A1E7A4F7556}") = "Empresa.Ecommerce.Application.Validator", "Empresa.Ecommerce.Application.Validator\Empresa.Ecommerce.Application.Validator.csproj", "{B6F169BE-1EA3-406F-AAD6-EBCD699B9B61}"
EndProject
Project("{2150E333-8FDC-42A3-9474-1A3956D46DE8}") = "Prueba", "Prueba", "{AD960B13-DE46-444A-9EDA-FA03FFC8891F}"
EndProject
Project("{9A19103F-16F7-4668-BE54-9A1E7A4F7556}") = "Empresa.Ecommerce.Application.Test", "Empresa.Ecommerce.Application.Test\Empresa.Ecommerce.Application.Test.csproj", "{47F20848-45B8-4255-9B05-1BBBF8B6AEB7}"
EndProject
Project("{9A19103F-16F7-4668-BE54-9A1E7A4F7556}") = "Empresa.Ecommerce.Transversal.Logging", "Empresa.Ecommerce.Transversal.Logging\Empresa.Ecommerce.Transversal.Logging.csproj", "{EC9D7308-84D8-492B-8A78-A0BA23B07A81}"
EndProject
Project("{9A19103F-16F7-4668-BE54-9A1E7A4F7556}") = "Empresa.Ecommerce.Persistence", "Empresa.Ecommerce.Persistence.Repository\Empresa.Ecommerce.Persistence.csproj", "{E394CD1B-A48A-439C-AB1F-6703CAD69791}"
EndProject
Global
	GlobalSection(SolutionConfigurationPlatforms) = preSolution
		Debug|Any CPU = Debug|Any CPU
		Release|Any CPU = Release|Any CPU
	EndGlobalSection
	GlobalSection(ProjectConfigurationPlatforms) = postSolution
		{F10E9EA9-73BE-4C0F-AD8C-3EF23185A862}.Debug|Any CPU.ActiveCfg = Debug|Any CPU
		{F10E9EA9-73BE-4C0F-AD8C-3EF23185A862}.Debug|Any CPU.Build.0 = Debug|Any CPU
		{F10E9EA9-73BE-4C0F-AD8C-3EF23185A862}.Release|Any CPU.ActiveCfg = Release|Any CPU
		{F10E9EA9-73BE-4C0F-AD8C-3EF23185A862}.Release|Any CPU.Build.0 = Release|Any CPU
		{98DB0D95-66EF-4EF8-9BF0-CC5359C226E6}.Debug|Any CPU.ActiveCfg = Debug|Any CPU
		{98DB0D95-66EF-4EF8-9BF0-CC5359C226E6}.Debug|Any CPU.Build.0 = Debug|Any CPU
		{98DB0D95-66EF-4EF8-9BF0-CC5359C226E6}.Release|Any CPU.ActiveCfg = Release|Any CPU
		{98DB0D95-66EF-4EF8-9BF0-CC5359C226E6}.Release|Any CPU.Build.0 = Release|Any CPU
		{1B1439F6-8BB9-46BF-9A5C-F5E7C20AAB87}.Debug|Any CPU.ActiveCfg = Debug|Any CPU
		{1B1439F6-8BB9-46BF-9A5C-F5E7C20AAB87}.Debug|Any CPU.Build.0 = Debug|Any CPU
		{1B1439F6-8BB9-46BF-9A5C-F5E7C20AAB87}.Release|Any CPU.ActiveCfg = Release|Any CPU
		{1B1439F6-8BB9-46BF-9A5C-F5E7C20AAB87}.Release|Any CPU.Build.0 = Release|Any CPU
		{F5AD5916-0EF4-4EC2-85E6-D696C869073B}.Debug|Any CPU.ActiveCfg = Debug|Any CPU
		{F5AD5916-0EF4-4EC2-85E6-D696C869073B}.Debug|Any CPU.Build.0 = Debug|Any CPU
		{F5AD5916-0EF4-4EC2-85E6-D696C869073B}.Release|Any CPU.ActiveCfg = Release|Any CPU
		{F5AD5916-0EF4-4EC2-85E6-D696C869073B}.Release|Any CPU.Build.0 = Release|Any CPU
		{663AB09B-B139-4F76-A931-40EB94B6F1D1}.Debug|Any CPU.ActiveCfg = Debug|Any CPU
		{663AB09B-B139-4F76-A931-40EB94B6F1D1}.Debug|Any CPU.Build.0 = Debug|Any CPU
		{663AB09B-B139-4F76-A931-40EB94B6F1D1}.Release|Any CPU.ActiveCfg = Release|Any CPU
		{663AB09B-B139-4F76-A931-40EB94B6F1D1}.Release|Any CPU.Build.0 = Release|Any CPU
		{68C5FC95-6B44-495D-A139-3E9682E790C7}.Debug|Any CPU.ActiveCfg = Debug|Any CPU
		{68C5FC95-6B44-495D-A139-3E9682E790C7}.Debug|Any CPU.Build.0 = Debug|Any CPU
		{68C5FC95-6B44-495D-A139-3E9682E790C7}.Release|Any CPU.ActiveCfg = Release|Any CPU
		{68C5FC95-6B44-495D-A139-3E9682E790C7}.Release|Any CPU.Build.0 = Release|Any CPU
		{CA1DAD81-F7E5-46C2-8E8D-4E94167B3771}.Debug|Any CPU.ActiveCfg = Debug|Any CPU
		{CA1DAD81-F7E5-46C2-8E8D-4E94167B3771}.Debug|Any CPU.Build.0 = Debug|Any CPU
		{CA1DAD81-F7E5-46C2-8E8D-4E94167B3771}.Release|Any CPU.ActiveCfg = Release|Any CPU
		{CA1DAD81-F7E5-46C2-8E8D-4E94167B3771}.Release|Any CPU.Build.0 = Release|Any CPU
		{B6F169BE-1EA3-406F-AAD6-EBCD699B9B61}.Debug|Any CPU.ActiveCfg = Debug|Any CPU
		{B6F169BE-1EA3-406F-AAD6-EBCD699B9B61}.Debug|Any CPU.Build.0 = Debug|Any CPU
		{B6F169BE-1EA3-406F-AAD6-EBCD699B9B61}.Release|Any CPU.ActiveCfg = Release|Any CPU
		{B6F169BE-1EA3-406F-AAD6-EBCD699B9B61}.Release|Any CPU.Build.0 = Release|Any CPU
		{47F20848-45B8-4255-9B05-1BBBF8B6AEB7}.Debug|Any CPU.ActiveCfg = Debug|Any CPU
		{47F20848-45B8-4255-9B05-1BBBF8B6AEB7}.Debug|Any CPU.Build.0 = Debug|Any CPU
		{47F20848-45B8-4255-9B05-1BBBF8B6AEB7}.Release|Any CPU.ActiveCfg = Release|Any CPU
		{47F20848-45B8-4255-9B05-1BBBF8B6AEB7}.Release|Any CPU.Build.0 = Release|Any CPU
		{EC9D7308-84D8-492B-8A78-A0BA23B07A81}.Debug|Any CPU.ActiveCfg = Debug|Any CPU
		{EC9D7308-84D8-492B-8A78-A0BA23B07A81}.Debug|Any CPU.Build.0 = Debug|Any CPU
		{EC9D7308-84D8-492B-8A78-A0BA23B07A81}.Release|Any CPU.ActiveCfg = Release|Any CPU
		{EC9D7308-84D8-492B-8A78-A0BA23B07A81}.Release|Any CPU.Build.0 = Release|Any CPU
		{E394CD1B-A48A-439C-AB1F-6703CAD69791}.Debug|Any CPU.ActiveCfg = Debug|Any CPU
		{E394CD1B-A48A-439C-AB1F-6703CAD69791}.Debug|Any CPU.Build.0 = Debug|Any CPU
		{E394CD1B-A48A-439C-AB1F-6703CAD69791}.Release|Any CPU.ActiveCfg = Release|Any CPU
		{E394CD1B-A48A-439C-AB1F-6703CAD69791}.Release|Any CPU.Build.0 = Release|Any CPU
	EndGlobalSection
	GlobalSection(SolutionProperties) = preSolution
		HideSolutionNode = FALSE
	EndGlobalSection
	GlobalSection(NestedProjects) = preSolution
		{F10E9EA9-73BE-4C0F-AD8C-3EF23185A862} = {39CAA5F8-A646-4565-8BB1-D2D650B41ADB}
		{98DB0D95-66EF-4EF8-9BF0-CC5359C226E6} = {968D40EB-AF2F-4820-A46F-7245EFDC5D40}
		{1B1439F6-8BB9-46BF-9A5C-F5E7C20AAB87} = {D0B20E82-BCA2-4876-9814-F04598836C68}
		{F5AD5916-0EF4-4EC2-85E6-D696C869073B} = {39CAA5F8-A646-4565-8BB1-D2D650B41ADB}
		{663AB09B-B139-4F76-A931-40EB94B6F1D1} = {D0B20E82-BCA2-4876-9814-F04598836C68}
		{68C5FC95-6B44-495D-A139-3E9682E790C7} = {D0B20E82-BCA2-4876-9814-F04598836C68}
		{CA1DAD81-F7E5-46C2-8E8D-4E94167B3771} = {F93B430E-3473-4E55-B32D-C966533C3BC2}
		{B6F169BE-1EA3-406F-AAD6-EBCD699B9B61} = {D0B20E82-BCA2-4876-9814-F04598836C68}
		{47F20848-45B8-4255-9B05-1BBBF8B6AEB7} = {AD960B13-DE46-444A-9EDA-FA03FFC8891F}
		{EC9D7308-84D8-492B-8A78-A0BA23B07A81} = {39CAA5F8-A646-4565-8BB1-D2D650B41ADB}
		{E394CD1B-A48A-439C-AB1F-6703CAD69791} = {78B1191E-818A-441E-BA68-22F5276CCAD1}
	EndGlobalSection
	GlobalSection(ExtensibilityGlobals) = postSolution
		SolutionGuid = {ED06B5AA-7372-4A93-81A8-D524F9F6DA08}
	EndGlobalSection
EndGlobal
